
Microsoft Visual Studio Solution File, Format Version 12.00
# Visual Studio 15
VisualStudioVersion = 15.0.28307.438
MinimumVisualStudioVersion = 10.0.40219.1
Project("{888888A0-9F3D-457C-B088-3A5042F75D52}") = "Complex_demoduation", "Complex_demoduation\Complex_demoduation.pyproj", "{7D380A5B-BE9B-4AC9-B8F9-002D763D82BD}"
EndProject
Project("{888888A0-9F3D-457C-B088-3A5042F75D52}") = "FFT_analysis", "FFT_analysis\FFT_analysis.pyproj", "{65D3EAC0-3015-45B0-A45F-4268AF5F5C57}"
EndProject
Project("{888888A0-9F3D-457C-B088-3A5042F75D52}") = "RRI", "CANDISC\RRI.pyproj", "{C9135C21-1693-4547-92DB-37574E88B1D0}"
EndProject
Project("{888888A0-9F3D-457C-B088-3A5042F75D52}") = "PSD", "PSD\PSD.pyproj", "{8B45A012-841A-48BE-8B26-29407C2222F2}"
EndProject
Project("{888888A0-9F3D-457C-B088-3A5042F75D52}") = "Bitalino", "Bitalino\Bitalino.pyproj", "{ED67A0DE-BEDA-4706-99A7-4FC4EF3AED54}"
EndProject
Global
	GlobalSection(SolutionConfigurationPlatforms) = preSolution
		Debug|Any CPU = Debug|Any CPU
		Debug|x64 = Debug|x64
		Debug|x86 = Debug|x86
		Release|Any CPU = Release|Any CPU
		Release|x64 = Release|x64
		Release|x86 = Release|x86
	EndGlobalSection
	GlobalSection(ProjectConfigurationPlatforms) = postSolution
		{7D380A5B-BE9B-4AC9-B8F9-002D763D82BD}.Debug|Any CPU.ActiveCfg = Debug|Any CPU
		{7D380A5B-BE9B-4AC9-B8F9-002D763D82BD}.Debug|x64.ActiveCfg = Debug|Any CPU
		{7D380A5B-BE9B-4AC9-B8F9-002D763D82BD}.Debug|x86.ActiveCfg = Debug|Any CPU
		{7D380A5B-BE9B-4AC9-B8F9-002D763D82BD}.Release|Any CPU.ActiveCfg = Release|Any CPU
		{7D380A5B-BE9B-4AC9-B8F9-002D763D82BD}.Release|x64.ActiveCfg = Release|Any CPU
		{7D380A5B-BE9B-4AC9-B8F9-002D763D82BD}.Release|x86.ActiveCfg = Release|Any CPU
		{65D3EAC0-3015-45B0-A45F-4268AF5F5C57}.Debug|Any CPU.ActiveCfg = Debug|Any CPU
		{65D3EAC0-3015-45B0-A45F-4268AF5F5C57}.Debug|x64.ActiveCfg = Debug|Any CPU
		{65D3EAC0-3015-45B0-A45F-4268AF5F5C57}.Debug|x86.ActiveCfg = Debug|Any CPU
		{65D3EAC0-3015-45B0-A45F-4268AF5F5C57}.Release|Any CPU.ActiveCfg = Release|Any CPU
		{65D3EAC0-3015-45B0-A45F-4268AF5F5C57}.Release|x64.ActiveCfg = Release|Any CPU
		{65D3EAC0-3015-45B0-A45F-4268AF5F5C57}.Release|x86.ActiveCfg = Release|Any CPU
		{C9135C21-1693-4547-92DB-37574E88B1D0}.Debug|Any CPU.ActiveCfg = Debug|Any CPU
		{C9135C21-1693-4547-92DB-37574E88B1D0}.Debug|x64.ActiveCfg = Debug|Any CPU
		{C9135C21-1693-4547-92DB-37574E88B1D0}.Debug|x86.ActiveCfg = Debug|Any CPU
		{C9135C21-1693-4547-92DB-37574E88B1D0}.Release|Any CPU.ActiveCfg = Release|Any CPU
		{C9135C21-1693-4547-92DB-37574E88B1D0}.Release|x64.ActiveCfg = Release|Any CPU
		{C9135C21-1693-4547-92DB-37574E88B1D0}.Release|x86.ActiveCfg = Release|Any CPU
		{8B45A012-841A-48BE-8B26-29407C2222F2}.Debug|Any CPU.ActiveCfg = Debug|Any CPU
		{8B45A012-841A-48BE-8B26-29407C2222F2}.Debug|x64.ActiveCfg = Debug|Any CPU
		{8B45A012-841A-48BE-8B26-29407C2222F2}.Debug|x86.ActiveCfg = Debug|Any CPU
		{8B45A012-841A-48BE-8B26-29407C2222F2}.Release|Any CPU.ActiveCfg = Release|Any CPU
		{8B45A012-841A-48BE-8B26-29407C2222F2}.Release|x64.ActiveCfg = Release|Any CPU
		{8B45A012-841A-48BE-8B26-29407C2222F2}.Release|x86.ActiveCfg = Release|Any CPU
		{ED67A0DE-BEDA-4706-99A7-4FC4EF3AED54}.Debug|Any CPU.ActiveCfg = Debug|Any CPU
		{ED67A0DE-BEDA-4706-99A7-4FC4EF3AED54}.Debug|x64.ActiveCfg = Debug|Any CPU
		{ED67A0DE-BEDA-4706-99A7-4FC4EF3AED54}.Debug|x86.ActiveCfg = Debug|Any CPU
		{ED67A0DE-BEDA-4706-99A7-4FC4EF3AED54}.Release|Any CPU.ActiveCfg = Release|Any CPU
		{ED67A0DE-BEDA-4706-99A7-4FC4EF3AED54}.Release|x64.ActiveCfg = Release|Any CPU
		{ED67A0DE-BEDA-4706-99A7-4FC4EF3AED54}.Release|x86.ActiveCfg = Release|Any CPU
	EndGlobalSection
	GlobalSection(SolutionProperties) = preSolution
		HideSolutionNode = FALSE
	EndGlobalSection
	GlobalSection(ExtensibilityGlobals) = postSolution
		SolutionGuid = {25A006FE-F45E-4F09-9AFE-3003D342D5FA}
	EndGlobalSection
EndGlobal
